{
  "lockfileVersion": 1,
  "configVersion": 1,
  "workspaces": {
    "": {
      "name": "ordering-system-frontend",
      "devDependencies": {
        "miniprogram-api-typings": "^5.2.3",
      },
    },
  },
  "packages": {
    "miniprogram-api-typings": ["miniprogram-api-typings@5.2.3", "", {}, "sha512-KVcNSfR2VmRtz35rxkjLxE92HlsBnbT6NsKyTcDX3ebbTKAsAiTOFO1mRM82Xbe848dnEYqNGzaD48LMEvGytw=="],
  }
}
